
Microsoft Visual Studio Solution File, Format Version 12.00
# Visual Studio Version 17
VisualStudioVersion = 17.13.35919.96 d17.13
MinimumVisualStudioVersion = 10.0.40219.1
Project("{FAE04EC0-301F-11D3-BF4B-00C04F79EFBC}") = "QrCodeGenerator", "QrCodeGenerator.csproj", "{8BA8F3F4-290C-4815-B02A-98D1548A7BC7}"
EndProject
Global
	GlobalSection(SolutionConfigurationPlatforms) = preSolution
		Debug|Any CPU = Debug|Any CPU
		Release|Any CPU = Release|Any CPU
	EndGlobalSection
	GlobalSection(ProjectConfigurationPlatforms) = postSolution
		{8BA8F3F4-290C-4815-B02A-98D1548A7BC7}.Debug|Any CPU.ActiveCfg = Debug|Any CPU
		{8BA8F3F4-290C-4815-B02A-98D1548A7BC7}.Debug|Any CPU.Build.0 = Debug|Any CPU
		{8BA8F3F4-290C-4815-B02A-98D1548A7BC7}.Release|Any CPU.ActiveCfg = Release|Any CPU
		{8BA8F3F4-290C-4815-B02A-98D1548A7BC7}.Release|Any CPU.Build.0 = Release|Any CPU
	EndGlobalSection
	GlobalSection(SolutionProperties) = preSolution
		HideSolutionNode = FALSE
	EndGlobalSection
	GlobalSection(ExtensibilityGlobals) = postSolution
		SolutionGuid = {E356188D-E3C9-420A-8F0B-ACDE58DCE050}
	EndGlobalSection
EndGlobal
